
Microsoft Visual Studio Solution File, Format Version 12.00
# Visual Studio Version 16
VisualStudioVersion = 16.0.809.9
MinimumVisualStudioVersion = 10.0.40219.1
Project("{FAE04EC0-301F-11D3-BF4B-00C04F79EFBC}") = "HomeWork_3", "HomeWork_3\HomeWork_3.csproj", "{BCA7C086-4BCD-4399-9123-BC95D9A9D43F}"
EndProject
Global
	GlobalSection(SolutionConfigurationPlatforms) = preSolution
		Debug|Any CPU = Debug|Any CPU
		Release|Any CPU = Release|Any CPU
	EndGlobalSection
	GlobalSection(ProjectConfigurationPlatforms) = postSolution
		{BCA7C086-4BCD-4399-9123-BC95D9A9D43F}.Debug|Any CPU.ActiveCfg = Debug|Any CPU
		{BCA7C086-4BCD-4399-9123-BC95D9A9D43F}.Debug|Any CPU.Build.0 = Debug|Any CPU
		{BCA7C086-4BCD-4399-9123-BC95D9A9D43F}.Release|Any CPU.ActiveCfg = Release|Any CPU
		{BCA7C086-4BCD-4399-9123-BC95D9A9D43F}.Release|Any CPU.Build.0 = Release|Any CPU
	EndGlobalSection
	GlobalSection(SolutionProperties) = preSolution
		HideSolutionNode = FALSE
	EndGlobalSection
	GlobalSection(ExtensibilityGlobals) = postSolution
		SolutionGuid = {789D697A-65B0-430B-A58D-76FA7C4D2FDF}
	EndGlobalSection
EndGlobal
